// !$*UTF8*$!
{
	archiveVersion = 1;
	classes = {
	};
	objectVersion = 50;
	objects = {

/* Begin PBXBuildFile section */
		BF6D6949233513DB004E9895 /* AppDelegate.swift in Sources */ = {isa = PBXBuildFile; fileRef = BF6D6948233513DB004E9895 /* AppDelegate.swift */; };
		BF6D6950233513DC004E9895 /* Assets.xcassets in Resources */ = {isa = PBXBuildFile; fileRef = BF6D694F233513DC004E9895 /* Assets.xcassets */; };
		BF6D6953233513DC004E9895 /* LaunchScreen.storyboard in Resources */ = {isa = PBXBuildFile; fileRef = BF6D6951233513DC004E9895 /* LaunchScreen.storyboard */; };
		BF6D695E233513DC004E9895 /* eggplant_brownieTests.swift in Sources */ = {isa = PBXBuildFile; fileRef = BF6D695D233513DC004E9895 /* eggplant_brownieTests.swift */; };
		BF6D6969233513DC004E9895 /* eggplant_brownieUITests.swift in Sources */ = {isa = PBXBuildFile; fileRef = BF6D6968233513DC004E9895 /* eggplant_brownieUITests.swift */; };
		BF6D697B2335615A004E9895 /* Meal.swift in Sources */ = {isa = PBXBuildFile; fileRef = BF6D697A2335615A004E9895 /* Meal.swift */; };
		BF974DBF2338FD4F00786F16 /* Item.swift in Sources */ = {isa = PBXBuildFile; fileRef = BF974DBE2338FD4F00786F16 /* Item.swift */; };
		BF974DC1233903F300786F16 /* ViewController.swift in Sources */ = {isa = PBXBuildFile; fileRef = BF974DC0233903F300786F16 /* ViewController.swift */; };
		BF974DC3233906CB00786F16 /* Main.storyboard in Resources */ = {isa = PBXBuildFile; fileRef = BF974DC2233906CB00786F16 /* Main.storyboard */; };
/* End PBXBuildFile section */

/* Begin PBXContainerItemProxy section */
		BF6D695A233513DC004E9895 /* PBXContainerItemProxy */ = {
			isa = PBXContainerItemProxy;
			containerPortal = BF6D693D233513DB004E9895 /* Project object */;
			proxyType = 1;
			remoteGlobalIDString = BF6D6944233513DB004E9895;
			remoteInfo = "eggplant-brownie";
		};
		BF6D6965233513DC004E9895 /* PBXContainerItemProxy */ = {
			isa = PBXContainerItemProxy;
			containerPortal = BF6D693D233513DB004E9895 /* Project object */;
			proxyType = 1;
			remoteGlobalIDString = BF6D6944233513DB004E9895;
			remoteInfo = "eggplant-brownie";
		};
/* End PBXContainerItemProxy section */

/* Begin PBXFileReference section */
		BF6D6945233513DB004E9895 /* eggplant-brownie.app */ = {isa = PBXFileReference; explicitFileType = wrapper.application; includeInIndex = 0; path = "eggplant-brownie.app"; sourceTree = BUILT_PRODUCTS_DIR; };
		BF6D6948233513DB004E9895 /* AppDelegate.swift */ = {isa = PBXFileReference; lastKnownFileType = sourcecode.swift; path = AppDelegate.swift; sourceTree = "<group>"; };
		BF6D694F233513DC004E9895 /* Assets.xcassets */ = {isa = PBXFileReference; lastKnownFileType = folder.assetcatalog; path = Assets.xcassets; sourceTree = "<group>"; };
		BF6D6952233513DC004E9895 /* Base */ = {isa = PBXFileReference; lastKnownFileType = file.storyboard; name = Base; path = Base.lproj/LaunchScreen.storyboard; sourceTree = "<group>"; };
		BF6D6954233513DC004E9895 /* Info.plist */ = {isa = PBXFileReference; lastKnownFileType = text.plist.xml; path = Info.plist; sourceTree = "<group>"; };
		BF6D6959233513DC004E9895 /* eggplant-brownieTests.xctest */ = {isa = PBXFileReference; explicitFileType = wrapper.cfbundle; includeInIndex = 0; path = "eggplant-brownieTests.xctest"; sourceTree = BUILT_PRODUCTS_DIR; };
		BF6D695D233513DC004E9895 /* eggplant_brownieTests.swift */ = {isa = PBXFileReference; lastKnownFileType = sourcecode.swift; path = eggplant_brownieTests.swift; sourceTree = "<group>"; };
		BF6D695F233513DC004E9895 /* Info.plist */ = {isa = PBXFileReference; lastKnownFileType = text.plist.xml; path = Info.plist; sourceTree = "<group>"; };
		BF6D6964233513DC004E9895 /* eggplant-brownieUITests.xctest */ = {isa = PBXFileReference; explicitFileType = wrapper.cfbundle; includeInIndex = 0; path = "eggplant-brownieUITests.xctest"; sourceTree = BUILT_PRODUCTS_DIR; };
		BF6D6968233513DC004E9895 /* eggplant_brownieUITests.swift */ = {isa = PBXFileReference; lastKnownFileType = sourcecode.swift; path = eggplant_brownieUITests.swift; sourceTree = "<group>"; };
		BF6D696A233513DC004E9895 /* Info.plist */ = {isa = PBXFileReference; lastKnownFileType = text.plist.xml; path = Info.plist; sourceTree = "<group>"; };
		BF6D697623351F4E004E9895 /* MyPlayground.playground */ = {isa = PBXFileReference; lastKnownFileType = file.playground; path = MyPlayground.playground; sourceTree = "<group>"; xcLanguageSpecificationIdentifier = xcode.lang.swift; };
		BF6D697A2335615A004E9895 /* Meal.swift */ = {isa = PBXFileReference; lastKnownFileType = sourcecode.swift; path = Meal.swift; sourceTree = "<group>"; };
		BF974DBE2338FD4F00786F16 /* Item.swift */ = {isa = PBXFileReference; lastKnownFileType = sourcecode.swift; path = Item.swift; sourceTree = "<group>"; };
		BF974DC0233903F300786F16 /* ViewController.swift */ = {isa = PBXFileReference; fileEncoding = 4; lastKnownFileType = sourcecode.swift; path = ViewController.swift; sourceTree = "<group>"; };
		BF974DC2233906CB00786F16 /* Main.storyboard */ = {isa = PBXFileReference; fileEncoding = 4; lastKnownFileType = file.storyboard; path = Main.storyboard; sourceTree = "<group>"; };
/* End PBXFileReference section */

/* Begin PBXFrameworksBuildPhase section */
		BF6D6942233513DB004E9895 /* Frameworks */ = {
			isa = PBXFrameworksBuildPhase;
			buildActionMask = 2147483647;
			files = (
			);
			runOnlyForDeploymentPostprocessing = 0;
		};
		BF6D6956233513DC004E9895 /* Frameworks */ = {
			isa = PBXFrameworksBuildPhase;
			buildActionMask = 2147483647;
			files = (
			);
			runOnlyForDeploymentPostprocessing = 0;
		};
		BF6D6961233513DC004E9895 /* Frameworks */ = {
			isa = PBXFrameworksBuildPhase;
			buildActionMask = 2147483647;
			files = (
			);
			runOnlyForDeploymentPostprocessing = 0;
		};
/* End PBXFrameworksBuildPhase section */

/* Begin PBXGroup section */
		BF6D693C233513DB004E9895 = {
			isa = PBXGroup;
			children = (
				BF6D6947233513DB004E9895 /* eggplant-brownie */,
				BF6D6977233560EC004E9895 /* models */,
				BF6D6979233560EC004E9895 /* viewcontrollers */,
				BF6D6978233560EC004E9895 /* views */,
				BF6D695C233513DC004E9895 /* eggplant-brownieTests */,
				BF6D6967233513DC004E9895 /* eggplant-brownieUITests */,
				BF6D6946233513DB004E9895 /* Products */,
			);
			sourceTree = "<group>";
		};
		BF6D6946233513DB004E9895 /* Products */ = {
			isa = PBXGroup;
			children = (
				BF6D6945233513DB004E9895 /* eggplant-brownie.app */,
				BF6D6959233513DC004E9895 /* eggplant-brownieTests.xctest */,
				BF6D6964233513DC004E9895 /* eggplant-brownieUITests.xctest */,
			);
			name = Products;
			sourceTree = "<group>";
		};
		BF6D6947233513DB004E9895 /* eggplant-brownie */ = {
			isa = PBXGroup;
			children = (
				BF6D6948233513DB004E9895 /* AppDelegate.swift */,
				BF6D694F233513DC004E9895 /* Assets.xcassets */,
				BF6D6951233513DC004E9895 /* LaunchScreen.storyboard */,
				BF6D6954233513DC004E9895 /* Info.plist */,
				BF6D697623351F4E004E9895 /* MyPlayground.playground */,
			);
			path = "eggplant-brownie";
			sourceTree = "<group>";
		};
		BF6D695C233513DC004E9895 /* eggplant-brownieTests */ = {
			isa = PBXGroup;
			children = (
				BF6D695D233513DC004E9895 /* eggplant_brownieTests.swift */,
				BF6D695F233513DC004E9895 /* Info.plist */,
			);
			path = "eggplant-brownieTests";
			sourceTree = "<group>";
		};
		BF6D6967233513DC004E9895 /* eggplant-brownieUITests */ = {
			isa = PBXGroup;
			children = (
				BF6D6968233513DC004E9895 /* eggplant_brownieUITests.swift */,
				BF6D696A233513DC004E9895 /* Info.plist */,
			);
			path = "eggplant-brownieUITests";
			sourceTree = "<group>";
		};
		BF6D6977233560EC004E9895 /* models */ = {
			isa = PBXGroup;
			children = (
				BF6D697A2335615A004E9895 /* Meal.swift */,
				BF974DBE2338FD4F00786F16 /* Item.swift */,
			);
			name = models;
			path = "eggplant-brownie/models";
			sourceTree = "<group>";
		};
		BF6D6978233560EC004E9895 /* views */ = {
			isa = PBXGroup;
			children = (
				BF974DC2233906CB00786F16 /* Main.storyboard */,
			);
			name = views;
			path = "eggplant-brownie/views";
			sourceTree = "<group>";
		};
		BF6D6979233560EC004E9895 /* viewcontrollers */ = {
			isa = PBXGroup;
			children = (
				BF974DC0233903F300786F16 /* ViewController.swift */,
			);
			name = viewcontrollers;
			path = "eggplant-brownie/viewcontrollers";
			sourceTree = "<group>";
		};
/* End PBXGroup section */

/* Begin PBXNativeTarget section */
		BF6D6944233513DB004E9895 /* eggplant-brownie */ = {
			isa = PBXNativeTarget;
			buildConfigurationList = BF6D696D233513DC004E9895 /* Build configuration list for PBXNativeTarget "eggplant-brownie" */;
			buildPhases = (
				BF6D6941233513DB004E9895 /* Sources */,
				BF6D6942233513DB004E9895 /* Frameworks */,
				BF6D6943233513DB004E9895 /* Resources */,
			);
			buildRules = (
			);
			dependencies = (
			);
			name = "eggplant-brownie";
			productName = "eggplant-brownie";
			productReference = BF6D6945233513DB004E9895 /* eggplant-brownie.app */;
			productType = "com.apple.product-type.application";
		};
		BF6D6958233513DC004E9895 /* eggplant-brownieTests */ = {
			isa = PBXNativeTarget;
			buildConfigurationList = BF6D6970233513DC004E9895 /* Build configuration list for PBXNativeTarget "eggplant-brownieTests" */;
			buildPhases = (
				BF6D6955233513DC004E9895 /* Sources */,
				BF6D6956233513DC004E9895 /* Frameworks */,
				BF6D6957233513DC004E9895 /* Resources */,
			);
			buildRules = (
			);
			dependencies = (
				BF6D695B233513DC004E9895 /* PBXTargetDependency */,
			);
			name = "eggplant-brownieTests";
			productName = "eggplant-brownieTests";
			productReference = BF6D6959233513DC004E9895 /* eggplant-brownieTests.xctest */;
			productType = "com.apple.product-type.bundle.unit-test";
		};
		BF6D6963233513DC004E9895 /* eggplant-brownieUITests */ = {
			isa = PBXNativeTarget;
			buildConfigurationList = BF6D6973233513DC004E9895 /* Build configuration list for PBXNativeTarget "eggplant-brownieUITests" */;
			buildPhases = (
				BF6D6960233513DC004E9895 /* Sources */,
				BF6D6961233513DC004E9895 /* Frameworks */,
				BF6D6962233513DC004E9895 /* Resources */,
			);
			buildRules = (
			);
			dependencies = (
				BF6D6966233513DC004E9895 /* PBXTargetDependency */,
			);
			name = "eggplant-brownieUITests";
			productName = "eggplant-brownieUITests";
			productReference = BF6D6964233513DC004E9895 /* eggplant-brownieUITests.xctest */;
			productType = "com.apple.product-type.bundle.ui-testing";
		};
/* End PBXNativeTarget section */

/* Begin PBXProject section */
		BF6D693D233513DB004E9895 /* Project object */ = {
			isa = PBXProject;
			attributes = {
				LastSwiftUpdateCheck = 1030;
				LastUpgradeCheck = 1030;
				ORGANIZATIONNAME = "Patrick Batista de Arruda";
				TargetAttributes = {
					BF6D6944233513DB004E9895 = {
						CreatedOnToolsVersion = 10.3;
					};
					BF6D6958233513DC004E9895 = {
						CreatedOnToolsVersion = 10.3;
						TestTargetID = BF6D6944233513DB004E9895;
					};
					BF6D6963233513DC004E9895 = {
						CreatedOnToolsVersion = 10.3;
						TestTargetID = BF6D6944233513DB004E9895;
					};
				};
			};
			buildConfigurationList = BF6D6940233513DB004E9895 /* Build configuration list for PBXProject "eggplant-brownie" */;
			compatibilityVersion = "Xcode 9.3";
			developmentRegion = en;
			hasScannedForEncodings = 0;
			knownRegions = (
				en,
				Base,
			);
			mainGroup = BF6D693C233513DB004E9895;
			productRefGroup = BF6D6946233513DB004E9895 /* Products */;
			projectDirPath = "";
			projectRoot = "";
			targets = (
				BF6D6944233513DB004E9895 /* eggplant-brownie */,
				BF6D6958233513DC004E9895 /* eggplant-brownieTests */,
				BF6D6963233513DC004E9895 /* eggplant-brownieUITests */,
			);
		};
/* End PBXProject section */

/* Begin PBXResourcesBuildPhase section */
		BF6D6943233513DB004E9895 /* Resources */ = {
			isa = PBXResourcesBuildPhase;
			buildActionMask = 2147483647;
			files = (
				BF974DC3233906CB00786F16 /* Main.storyboard in Resources */,
				BF6D6953233513DC004E9895 /* LaunchScreen.storyboard in Resources */,
				BF6D6950233513DC004E9895 /* Assets.xcassets in Resources */,
			);
			runOnlyForDeploymentPostprocessing = 0;
		};
		BF6D6957233513DC004E9895 /* Resources */ = {
			isa = PBXResourcesBuildPhase;
			buildActionMask = 2147483647;
			files = (
			);
			runOnlyForDeploymentPostprocessing = 0;
		};
		BF6D6962233513DC004E9895 /* Resources */ = {
			isa = PBXResourcesBuildPhase;
			buildActionMask = 2147483647;
			files = (
			);
			runOnlyForDeploymentPostprocessing = 0;
		};
/* End PBXResourcesBuildPhase section */

/* Begin PBXSourcesBuildPhase section */
		BF6D6941233513DB004E9895 /* Sources */ = {
			isa = PBXSourcesBuildPhase;
			buildActionMask = 2147483647;
			files = (
				BF974DBF2338FD4F00786F16 /* Item.swift in Sources */,
				BF6D697B2335615A004E9895 /* Meal.swift in Sources */,
				BF974DC1233903F300786F16 /* ViewController.swift in Sources */,
				BF6D6949233513DB004E9895 /* AppDelegate.swift in Sources */,
			);
			runOnlyForDeploymentPostprocessing = 0;
		};
		BF6D6955233513DC004E9895 /* Sources */ = {
			isa = PBXSourcesBuildPhase;
			buildActionMask = 2147483647;
			files = (
				BF6D695E233513DC004E9895 /* eggplant_brownieTests.swift in Sources */,
			);
			runOnlyForDeploymentPostprocessing = 0;
		};
		BF6D6960233513DC004E9895 /* Sources */ = {
			isa = PBXSourcesBuildPhase;
			buildActionMask = 2147483647;
			files = (
				BF6D6969233513DC004E9895 /* eggplant_brownieUITests.swift in Sources */,
			);
			runOnlyForDeploymentPostprocessing = 0;
		};
/* End PBXSourcesBuildPhase section */

/* Begin PBXTargetDependency section */
		BF6D695B233513DC004E9895 /* PBXTargetDependency */ = {
			isa = PBXTargetDependency;
			target = BF6D6944233513DB004E9895 /* eggplant-brownie */;
			targetProxy = BF6D695A233513DC004E9895 /* PBXContainerItemProxy */;
		};
		BF6D6966233513DC004E9895 /* PBXTargetDependency */ = {
			isa = PBXTargetDependency;
			target = BF6D6944233513DB004E9895 /* eggplant-brownie */;
			targetProxy = BF6D6965233513DC004E9895 /* PBXContainerItemProxy */;
		};
/* End PBXTargetDependency section */

/* Begin PBXVariantGroup section */
		BF6D6951233513DC004E9895 /* LaunchScreen.storyboard */ = {
			isa = PBXVariantGroup;
			children = (
				BF6D6952233513DC004E9895 /* Base */,
			);
			name = LaunchScreen.storyboard;
			sourceTree = "<group>";
		};
/* End PBXVariantGroup section */

/* Begin XCBuildConfiguration section */
		BF6D696B233513DC004E9895 /* Debug */ = {
			isa = XCBuildConfiguration;
			buildSettings = {
				ALWAYS_SEARCH_USER_PATHS = NO;
				CLANG_ANALYZER_NONNULL = YES;
				CLANG_ANALYZER_NUMBER_OBJECT_CONVERSION = YES_AGGRESSIVE;
				CLANG_CXX_LANGUAGE_STANDARD = "gnu++14";
				CLANG_CXX_LIBRARY = "libc++";
				CLANG_ENABLE_MODULES = YES;
				CLANG_ENABLE_OBJC_ARC = YES;
				CLANG_ENABLE_OBJC_WEAK = YES;
				CLANG_WARN_BLOCK_CAPTURE_AUTORELEASING = YES;
				CLANG_WARN_BOOL_CONVERSION = YES;
				CLANG_WARN_COMMA = YES;
				CLANG_WARN_CONSTANT_CONVERSION = YES;
				CLANG_WARN_DEPRECATED_OBJC_IMPLEMENTATIONS = YES;
				CLANG_WARN_DIRECT_OBJC_ISA_USAGE = YES_ERROR;
				CLANG_WARN_DOCUMENTATION_COMMENTS = YES;
				CLANG_WARN_EMPTY_BODY = YES;
				CLANG_WARN_ENUM_CONVERSION = YES;
				CLANG_WARN_INFINITE_RECURSION = YES;
				CLANG_WARN_INT_CONVERSION = YES;
				CLANG_WARN_NON_LITERAL_NULL_CONVERSION = YES;
				CLANG_WARN_OBJC_IMPLICIT_RETAIN_SELF = YES;
				CLANG_WARN_OBJC_LITERAL_CONVERSION = YES;
				CLANG_WARN_OBJC_ROOT_CLASS = YES_ERROR;
				CLANG_WARN_RANGE_LOOP_ANALYSIS = YES;
				CLANG_WARN_STRICT_PROTOTYPES = YES;
				CLANG_WARN_SUSPICIOUS_MOVE = YES;
				CLANG_WARN_UNGUARDED_AVAILABILITY = YES_AGGRESSIVE;
				CLANG_WARN_UNREACHABLE_CODE = YES;
				CLANG_WARN__DUPLICATE_METHOD_MATCH = YES;
				CODE_SIGN_IDENTITY = "iPhone Developer";
				COPY_PHASE_STRIP = NO;
				DEBUG_INFORMATION_FORMAT = dwarf;
				ENABLE_STRICT_OBJC_MSGSEND = YES;
				ENABLE_TESTABILITY = YES;
				GCC_C_LANGUAGE_STANDARD = gnu11;
				GCC_DYNAMIC_NO_PIC = NO;
				GCC_NO_COMMON_BLOCKS = YES;
				GCC_OPTIMIZATION_LEVEL = 0;
				GCC_PREPROCESSOR_DEFINITIONS = (
					"DEBUG=1",
					"$(inherited)",
				);
				GCC_WARN_64_TO_32_BIT_CONVERSION = YES;
				GCC_WARN_ABOUT_RETURN_TYPE = YES_ERROR;
				GCC_WARN_UNDECLARED_SELECTOR = YES;
				GCC_WARN_UNINITIALIZED_AUTOS = YES_AGGRESSIVE;
				GCC_WARN_UNUSED_FUNCTION = YES;
				GCC_WARN_UNUSED_VARIABLE = YES;
				IPHONEOS_DEPLOYMENT_TARGET = 12.4;
				MTL_ENABLE_DEBUG_INFO = INCLUDE_SOURCE;
				MTL_FAST_MATH = YES;
				ONLY_ACTIVE_ARCH = YES;
				SDKROOT = iphoneos;
				SWIFT_ACTIVE_COMPILATION_CONDITIONS = DEBUG;
				SWIFT_OPTIMIZATION_LEVEL = "-Onone";
			};
			name = Debug;
		};
		BF6D696C233513DC004E9895 /* Release */ = {
			isa = XCBuildConfiguration;
			buildSettings = {
				ALWAYS_SEARCH_USER_PATHS = NO;
				CLANG_ANALYZER_NONNULL = YES;
				CLANG_ANALYZER_NUMBER_OBJECT_CONVERSION = YES_AGGRESSIVE;
				CLANG_CXX_LANGUAGE_STANDARD = "gnu++14";
				CLANG_CXX_LIBRARY = "libc++";
				CLANG_ENABLE_MODULES = YES;
				CLANG_ENABLE_OBJC_ARC = YES;
				CLANG_ENABLE_OBJC_WEAK = YES;
				CLANG_WARN_BLOCK_CAPTURE_AUTORELEASING = YES;
				CLANG_WARN_BOOL_CONVERSION = YES;
				CLANG_WARN_COMMA = YES;
				CLANG_WARN_CONSTANT_CONVERSION = YES;
				CLANG_WARN_DEPRECATED_OBJC_IMPLEMENTATIONS = YES;
				CLANG_WARN_DIRECT_OBJC_ISA_USAGE = YES_ERROR;
				CLANG_WARN_DOCUMENTATION_COMMENTS = YES;
				CLANG_WARN_EMPTY_BODY = YES;
				CLANG_WARN_ENUM_CONVERSION = YES;
				CLANG_WARN_INFINITE_RECURSION = YES;
				CLANG_WARN_INT_CONVERSION = YES;
				CLANG_WARN_NON_LITERAL_NULL_CONVERSION = YES;
				CLANG_WARN_OBJC_IMPLICIT_RETAIN_SELF = YES;
				CLANG_WARN_OBJC_LITERAL_CONVERSION = YES;
				CLANG_WARN_OBJC_ROOT_CLASS = YES_ERROR;
				CLANG_WARN_RANGE_LOOP_ANALYSIS = YES;
				CLANG_WARN_STRICT_PROTOTYPES = YES;
				CLANG_WARN_SUSPICIOUS_MOVE = YES;
				CLANG_WARN_UNGUARDED_AVAILABILITY = YES_AGGRESSIVE;
				CLANG_WARN_UNREACHABLE_CODE = YES;
				CLANG_WARN__DUPLICATE_METHOD_MATCH = YES;
				CODE_SIGN_IDENTITY = "iPhone Developer";
				COPY_PHASE_STRIP = NO;
				DEBUG_INFORMATION_FORMAT = "dwarf-with-dsym";
				ENABLE_NS_ASSERTIONS = NO;
				ENABLE_STRICT_OBJC_MSGSEND = YES;
				GCC_C_LANGUAGE_STANDARD = gnu11;
				GCC_NO_COMMON_BLOCKS = YES;
				GCC_WARN_64_TO_32_BIT_CONVERSION = YES;
				GCC_WARN_ABOUT_RETURN_TYPE = YES_ERROR;
				GCC_WARN_UNDECLARED_SELECTOR = YES;
				GCC_WARN_UNINITIALIZED_AUTOS = YES_AGGRESSIVE;
				GCC_WARN_UNUSED_FUNCTION = YES;
				GCC_WARN_UNUSED_VARIABLE = YES;
				IPHONEOS_DEPLOYMENT_TARGET = 12.4;
				MTL_ENABLE_DEBUG_INFO = NO;
				MTL_FAST_MATH = YES;
				SDKROOT = iphoneos;
				SWIFT_COMPILATION_MODE = wholemodule;
				SWIFT_OPTIMIZATION_LEVEL = "-O";
				VALIDATE_PRODUCT = YES;
			};
			name = Release;
		};
		BF6D696E233513DC004E9895 /* Debug */ = {
			isa = XCBuildConfiguration;
			buildSettings = {
				ASSETCATALOG_COMPILER_APPICON_NAME = AppIcon;
				CODE_SIGN_STYLE = Automatic;
				INFOPLIST_FILE = "eggplant-brownie/Info.plist";
				LD_RUNPATH_SEARCH_PATHS = (
					"$(inherited)",
					"@executable_path/Frameworks",
				);
				PRODUCT_BUNDLE_IDENTIFIER = "alura.eggplant-brownie";
				PRODUCT_NAME = "$(TARGET_NAME)";
				SWIFT_VERSION = 5.0;
				TARGETED_DEVICE_FAMILY = "1,2";
			};
			name = Debug;
		};
		BF6D696F233513DC004E9895 /* Release */ = {
			isa = XCBuildConfiguration;
			buildSettings = {
				ASSETCATALOG_COMPILER_APPICON_NAME = AppIcon;
				CODE_SIGN_STYLE = Automatic;
				INFOPLIST_FILE = "eggplant-brownie/Info.plist";
				LD_RUNPATH_SEARCH_PATHS = (
					"$(inherited)",
					"@executable_path/Frameworks",
				);
				PRODUCT_BUNDLE_IDENTIFIER = "alura.eggplant-brownie";
				PRODUCT_NAME = "$(TARGET_NAME)";
				SWIFT_VERSION = 5.0;
				TARGETED_DEVICE_FAMILY = "1,2";
			};
			name = Release;
		};
		BF6D6971233513DC004E9895 /* Debug */ = {
			isa = XCBuildConfiguration;
			buildSettings = {
				ALWAYS_EMBED_SWIFT_STANDARD_LIBRARIES = YES;
				BUNDLE_LOADER = "$(TEST_HOST)";
				CODE_SIGN_STYLE = Automatic;
				INFOPLIST_FILE = "eggplant-brownieTests/Info.plist";
				LD_RUNPATH_SEARCH_PATHS = (
					"$(inherited)",
					"@executable_path/Frameworks",
					"@loader_path/Frameworks",
				);
				PRODUCT_BUNDLE_IDENTIFIER = "alura.eggplant-brownieTests";
				PRODUCT_NAME = "$(TARGET_NAME)";
				SWIFT_VERSION = 5.0;
				TARGETED_DEVICE_FAMILY = "1,2";
				TEST_HOST = "$(BUILT_PRODUCTS_DIR)/eggplant-brownie.app/eggplant-brownie";
			};
			name = Debug;
		};
		BF6D6972233513DC004E9895 /* Release */ = {
			isa = XCBuildConfiguration;
			buildSettings = {
				ALWAYS_EMBED_SWIFT_STANDARD_LIBRARIES = YES;
				BUNDLE_LOADER = "$(TEST_HOST)";
				CODE_SIGN_STYLE = Automatic;
				INFOPLIST_FILE = "eggplant-brownieTests/Info.plist";
				LD_RUNPATH_SEARCH_PATHS = (
					"$(inherited)",
					"@executable_path/Frameworks",
					"@loader_path/Frameworks",
				);
				PRODUCT_BUNDLE_IDENTIFIER = "alura.eggplant-brownieTests";
				PRODUCT_NAME = "$(TARGET_NAME)";
				SWIFT_VERSION = 5.0;
				TARGETED_DEVICE_FAMILY = "1,2";
				TEST_HOST = "$(BUILT_PRODUCTS_DIR)/eggplant-brownie.app/eggplant-brownie";
			};
			name = Release;
		};
		BF6D6974233513DC004E9895 /* Debug */ = {
			isa = XCBuildConfiguration;
			buildSettings = {
				ALWAYS_EMBED_SWIFT_STANDARD_LIBRARIES = YES;
				CODE_SIGN_STYLE = Automatic;
				INFOPLIST_FILE = "eggplant-brownieUITests/Info.plist";
				LD_RUNPATH_SEARCH_PATHS = (
					"$(inherited)",
					"@executable_path/Frameworks",
					"@loader_path/Frameworks",
				);
				PRODUCT_BUNDLE_IDENTIFIER = "alura.eggplant-brownieUITests";
				PRODUCT_NAME = "$(TARGET_NAME)";
				SWIFT_VERSION = 5.0;
				TARGETED_DEVICE_FAMILY = "1,2";
				TEST_TARGET_NAME = "eggplant-brownie";
			};
			name = Debug;
		};
		BF6D6975233513DC004E9895 /* Release */ = {
			isa = XCBuildConfiguration;
			buildSettings = {
				ALWAYS_EMBED_SWIFT_STANDARD_LIBRARIES = YES;
				CODE_SIGN_STYLE = Automatic;
				INFOPLIST_FILE = "eggplant-brownieUITests/Info.plist";
				LD_RUNPATH_SEARCH_PATHS = (
					"$(inherited)",
					"@executable_path/Frameworks",
					"@loader_path/Frameworks",
				);
				PRODUCT_BUNDLE_IDENTIFIER = "alura.eggplant-brownieUITests";
				PRODUCT_NAME = "$(TARGET_NAME)";
				SWIFT_VERSION = 5.0;
				TARGETED_DEVICE_FAMILY = "1,2";
				TEST_TARGET_NAME = "eggplant-brownie";
			};
			name = Release;
		};
/* End XCBuildConfiguration section */

/* Begin XCConfigurationList section */
		BF6D6940233513DB004E9895 /* Build configuration list for PBXProject "eggplant-brownie" */ = {
			isa = XCConfigurationList;
			buildConfigurations = (
				BF6D696B233513DC004E9895 /* Debug */,
				BF6D696C233513DC004E9895 /* Release */,
			);
			defaultConfigurationIsVisible = 0;
			defaultConfigurationName = Release;
		};
		BF6D696D233513DC004E9895 /* Build configuration list for PBXNativeTarget "eggplant-brownie" */ = {
			isa = XCConfigurationList;
			buildConfigurations = (
				BF6D696E233513DC004E9895 /* Debug */,
				BF6D696F233513DC004E9895 /* Release */,
			);
			defaultConfigurationIsVisible = 0;
			defaultConfigurationName = Release;
		};
		BF6D6970233513DC004E9895 /* Build configuration list for PBXNativeTarget "eggplant-brownieTests" */ = {
			isa = XCConfigurationList;
			buildConfigurations = (
				BF6D6971233513DC004E9895 /* Debug */,
				BF6D6972233513DC004E9895 /* Release */,
			);
			defaultConfigurationIsVisible = 0;
			defaultConfigurationName = Release;
		};
		BF6D6973233513DC004E9895 /* Build configuration list for PBXNativeTarget "eggplant-brownieUITests" */ = {
			isa = XCConfigurationList;
			buildConfigurations = (
				BF6D6974233513DC004E9895 /* Debug */,
				BF6D6975233513DC004E9895 /* Release */,
			);
			defaultConfigurationIsVisible = 0;
			defaultConfigurationName = Release;
		};
/* End XCConfigurationList section */
	};
	rootObject = BF6D693D233513DB004E9895 /* Project object */;
}
